
Microsoft Visual Studio Solution File, Format Version 12.00
# Visual Studio Version 17
VisualStudioVersion = 17.6.33723.286
MinimumVisualStudioVersion = 10.0.40219.1
Project("{2150E333-8FDC-42A3-9474-1A3956D46DE8}") = "Services", "Services", "{D42D2127-B8F6-4CFF-8C54-20DCBE681519}"
EndProject
Project("{9A19103F-16F7-4668-BE54-9A1E7A4F7556}") = "ProductServices", "ProductServices\ProductServices.csproj", "{AEED5D2A-8076-481B-8F8D-CC96B92DA502}"
EndProject
Project("{2150E333-8FDC-42A3-9474-1A3956D46DE8}") = "Gateway", "Gateway", "{468728B4-C0BE-409E-9CC5-DE9BC105142C}"
EndProject
Project("{2150E333-8FDC-42A3-9474-1A3956D46DE8}") = "FrontEnd", "FrontEnd", "{E52D11A4-0C16-4F5C-82C9-E5D1D2A97ACA}"
EndProject
Project("{FAE04EC0-301F-11D3-BF4B-00C04F79EFBC}") = "Ecommerce.WebUI", "Ecommerce.WebUI\Ecommerce.WebUI.csproj", "{82AA798C-682C-4BF1-9607-2433544312E7}"
EndProject
Project("{2150E333-8FDC-42A3-9474-1A3956D46DE8}") = "Utilities", "Utilities", "{E132F2AC-C577-4310-9500-F1D8756398FC}"
EndProject
Project("{FAE04EC0-301F-11D3-BF4B-00C04F79EFBC}") = "Ecommerce.Utilities", "Ecommerce.Utilities\Ecommerce.Utilities.csproj", "{DC8AFF12-AEC4-4C5A-9163-113A5781262F}"
EndProject
Global
	GlobalSection(SolutionConfigurationPlatforms) = preSolution
		Debug|Any CPU = Debug|Any CPU
		Release|Any CPU = Release|Any CPU
	EndGlobalSection
	GlobalSection(ProjectConfigurationPlatforms) = postSolution
		{AEED5D2A-8076-481B-8F8D-CC96B92DA502}.Debug|Any CPU.ActiveCfg = Debug|Any CPU
		{AEED5D2A-8076-481B-8F8D-CC96B92DA502}.Debug|Any CPU.Build.0 = Debug|Any CPU
		{AEED5D2A-8076-481B-8F8D-CC96B92DA502}.Release|Any CPU.ActiveCfg = Release|Any CPU
		{AEED5D2A-8076-481B-8F8D-CC96B92DA502}.Release|Any CPU.Build.0 = Release|Any CPU
		{82AA798C-682C-4BF1-9607-2433544312E7}.Debug|Any CPU.ActiveCfg = Debug|Any CPU
		{82AA798C-682C-4BF1-9607-2433544312E7}.Debug|Any CPU.Build.0 = Debug|Any CPU
		{82AA798C-682C-4BF1-9607-2433544312E7}.Release|Any CPU.ActiveCfg = Release|Any CPU
		{82AA798C-682C-4BF1-9607-2433544312E7}.Release|Any CPU.Build.0 = Release|Any CPU
		{DC8AFF12-AEC4-4C5A-9163-113A5781262F}.Debug|Any CPU.ActiveCfg = Debug|Any CPU
		{DC8AFF12-AEC4-4C5A-9163-113A5781262F}.Debug|Any CPU.Build.0 = Debug|Any CPU
		{DC8AFF12-AEC4-4C5A-9163-113A5781262F}.Release|Any CPU.ActiveCfg = Release|Any CPU
		{DC8AFF12-AEC4-4C5A-9163-113A5781262F}.Release|Any CPU.Build.0 = Release|Any CPU
	EndGlobalSection
	GlobalSection(SolutionProperties) = preSolution
		HideSolutionNode = FALSE
	EndGlobalSection
	GlobalSection(NestedProjects) = preSolution
		{AEED5D2A-8076-481B-8F8D-CC96B92DA502} = {D42D2127-B8F6-4CFF-8C54-20DCBE681519}
		{82AA798C-682C-4BF1-9607-2433544312E7} = {E52D11A4-0C16-4F5C-82C9-E5D1D2A97ACA}
		{DC8AFF12-AEC4-4C5A-9163-113A5781262F} = {E132F2AC-C577-4310-9500-F1D8756398FC}
	EndGlobalSection
	GlobalSection(ExtensibilityGlobals) = postSolution
		SolutionGuid = {781B7426-4921-4233-BD49-4DB052A14909}
	EndGlobalSection
EndGlobal
